
Microsoft Visual Studio Solution File, Format Version 12.00
# Visual Studio Version 17
VisualStudioVersion = 17.13.35818.85 d17.13
MinimumVisualStudioVersion = 10.0.40219.1
Project("{FAE04EC0-301F-11D3-BF4B-00C04F79EFBC}") = "Kursach", "Kursach.csproj", "{87873BD8-7AAB-41FC-B079-3DC78C3ABA92}"
EndProject
Global
	GlobalSection(SolutionConfigurationPlatforms) = preSolution
		Debug|Any CPU = Debug|Any CPU
		Release|Any CPU = Release|Any CPU
	EndGlobalSection
	GlobalSection(ProjectConfigurationPlatforms) = postSolution
		{87873BD8-7AAB-41FC-B079-3DC78C3ABA92}.Debug|Any CPU.ActiveCfg = Debug|Any CPU
		{87873BD8-7AAB-41FC-B079-3DC78C3ABA92}.Debug|Any CPU.Build.0 = Debug|Any CPU
		{87873BD8-7AAB-41FC-B079-3DC78C3ABA92}.Release|Any CPU.ActiveCfg = Release|Any CPU
		{87873BD8-7AAB-41FC-B079-3DC78C3ABA92}.Release|Any CPU.Build.0 = Release|Any CPU
	EndGlobalSection
	GlobalSection(SolutionProperties) = preSolution
		HideSolutionNode = FALSE
	EndGlobalSection
	GlobalSection(ExtensibilityGlobals) = postSolution
		SolutionGuid = {F48B0E10-3909-4AE6-9BA2-1A714F067DA9}
	EndGlobalSection
EndGlobal
